schema: '2.0'
stages:
  load_data:
    cmd: python -m src.data_loading.load_data
    deps:
    - path: src/data_loading/load_data.py
      hash: md5
      md5: 95dda62d8bfedcd6509ddaacdb35e44a
      size: 2547
    outs:
    - path: data/raw/raw.csv
      hash: md5
      md5: 6ae08ecef9285314c3f3a952612cee21
      size: 116187
  preprocess_data:
    cmd: python -m src.data_preprocessing.preprocess_data
    deps:
    - path: data/raw/raw.csv
      hash: md5
      md5: 6ae08ecef9285314c3f3a952612cee21
      size: 116187
    - path: src/data_preprocessing/preprocess_data.py
      hash: md5
      md5: 22486bed0e98733a88362beba790d1f7
      size: 5472
    params:
      params.yaml:
        preprocess_data.random_seed: 42
        preprocess_data.test_size: 0.2
    outs:
    - path: artifacts/[features]_mean_imputer.joblib
      hash: md5
      md5: f38b9739964a1c556a6604154ca2863a
      size: 1511
    - path: data/preprocessed/test_preprocessed.csv
      hash: md5
      md5: c0c0b977fd38f8a30415bc0a2624c1bc
      size: 26627
    - path: data/preprocessed/train_preprocessed.csv
      hash: md5
      md5: 622470869a561d52e8b6e0a2952cf560
      size: 106052
  engineer_features:
    cmd: python -m src.feature_engineering.engineer_features
    deps:
    - path: data/preprocessed/test_preprocessed.csv
      hash: md5
      md5: c0c0b977fd38f8a30415bc0a2624c1bc
      size: 26627
    - path: data/preprocessed/train_preprocessed.csv
      hash: md5
      md5: 622470869a561d52e8b6e0a2952cf560
      size: 106052
    - path: src/feature_engineering/engineer_features.py
      hash: md5
      md5: 42a1267c95815768af3ab9b498b4ecc6
      size: 4668
    outs:
    - path: artifacts/[features]_scaler.joblib
      hash: md5
      md5: 3c09492af31091853f383c4eab34d680
      size: 2135
    - path: data/processed/test_processed.csv
      hash: md5
      md5: c853827b2aa3ec8366053af424af2701
      size: 68275
    - path: data/processed/train_processed.csv
      hash: md5
      md5: 55356f2f8a92435a4284506c8a705d7a
      size: 270582
  train:
    cmd: python -m src.model_training.train_model
    deps:
    - path: data/processed/train_processed.csv
      hash: md5
      md5: 55356f2f8a92435a4284506c8a705d7a
      size: 270582
    - path: src/model_training/train_model.py
      hash: md5
      md5: c2f455a8ad749a2c08a712a62cdbb0eb
      size: 7118
    params:
      params.yaml:
        train.batch_size: 16
        train.dropout_rate: 0.25
        train.epochs: 100
        train.hidden_layer_1_neurons: 64
        train.hidden_layer_2_neurons: 32
        train.learning_rate: 0.001
    outs:
    - path: artifacts/[target]_one_hot_encoder.joblib
      hash: md5
      md5: 9c68e41a114fdb0985121e8d89f055bc
      size: 617
    - path: metrics/training.json
      hash: md5
      md5: 289a7d9fe3c87308a7838cba6d1edde6
      size: 141
    - path: models/model.keras
      hash: md5
      md5: ae19afd6efb2cd86b8683a4eb2137099
      size: 79419
  evaluate:
    cmd: python -m src.model_evaluation.evaluate_model
    deps:
    - path: artifacts/[target]_one_hot_encoder.joblib
      hash: md5
      md5: 9c68e41a114fdb0985121e8d89f055bc
      size: 617
    - path: data/processed/test_processed.csv
      hash: md5
      md5: c853827b2aa3ec8366053af424af2701
      size: 68275
    - path: models/model.keras
      hash: md5
      md5: ae19afd6efb2cd86b8683a4eb2137099
      size: 79419
    - path: src/model_evaluation/evaluate_model.py
      hash: md5
      md5: 7efd96f9e7a71f13e0c3a5822c5600b9
      size: 4043
    outs:
    - path: metrics/evaluation.json
      hash: md5
      md5: f3e9522cd093fa91125122693c3d2c24
      size: 794
