schema: '2.0'
stages:
  load_data:
    cmd: python -m src.data_loading.load_data
    deps:
    - path: src/data_loading/load_data.py
      hash: md5
      md5: 95dda62d8bfedcd6509ddaacdb35e44a
      size: 2547
    outs:
    - path: data/raw/raw.csv
      hash: md5
      md5: 3ecb1aec521108434cad41a2fb92aa12
      size: 116187
  preprocess_data:
    cmd: python -m src.data_preprocessing.preprocess_data
    deps:
    - path: data/raw/raw.csv
      hash: md5
      md5: 3ecb1aec521108434cad41a2fb92aa12
      size: 116187
    - path: src/data_preprocessing/preprocess_data.py
      hash: md5
      md5: 22486bed0e98733a88362beba790d1f7
      size: 5472
    params:
      params.yaml:
        preprocess_data.random_seed: 42
        preprocess_data.test_size: 0.2
    outs:
    - path: artifacts/[features]_mean_imputer.joblib
      hash: md5
      md5: 369a9e1c2961f683c907eec9e2782011
      size: 1511
    - path: data/preprocessed/test_preprocessed.csv
      hash: md5
      md5: 899b473c8dc3d6c777dca96a60ad695a
      size: 26912
    - path: data/preprocessed/train_preprocessed.csv
      hash: md5
      md5: 665ae6ee482bd01e2d15aa70e98527a2
      size: 105806
  engineer_features:
    cmd: python -m src.feature_engineering.engineer_features
    deps:
    - path: data/preprocessed/test_preprocessed.csv
      hash: md5
      md5: 899b473c8dc3d6c777dca96a60ad695a
      size: 26912
    - path: data/preprocessed/train_preprocessed.csv
      hash: md5
      md5: 665ae6ee482bd01e2d15aa70e98527a2
      size: 105806
    - path: src/feature_engineering/engineer_features.py
      hash: md5
      md5: 42a1267c95815768af3ab9b498b4ecc6
      size: 4668
    outs:
    - path: artifacts/[features]_scaler.joblib
      hash: md5
      md5: 0b1fd984bbb11a3c44cc32b20826f8fa
      size: 2135
    - path: data/processed/test_processed.csv
      hash: md5
      md5: b5f007deeb8188e7898553f8d80414b0
      size: 67880
    - path: data/processed/train_processed.csv
      hash: md5
      md5: 341fbb3af3c250b5e919d47665931b7e
      size: 270274
  train:
    cmd: python -m src.model_training.train_model
    deps:
    - path: data/processed/train_processed.csv
      hash: md5
      md5: 341fbb3af3c250b5e919d47665931b7e
      size: 270274
    - path: src/model_training/train_model.py
      hash: md5
      md5: 67ca7d23bc93c36d0ab22e586ece9dbf
      size: 7838
    params:
      params.yaml:
        train.batch_size: 16
        train.dropout_rate: 0.25
        train.epochs: 100
        train.hidden_layer_1_neurons: 64
        train.hidden_layer_2_neurons: 32
        train.learning_rate: 0.001
    outs:
    - path: artifacts/[target]_one_hot_encoder.joblib
      hash: md5
      md5: 9c68e41a114fdb0985121e8d89f055bc
      size: 617
    - path: metrics/training.json
      hash: md5
      md5: d336050001f1e279f9e2056bac5362d5
      size: 141
    - path: models/model.keras
      hash: md5
      md5: 076b9c93d13fbb15276d91334cfb309b
      size: 79419
  evaluate:
    cmd: python -m src.model_evaluation.evaluate_model
    deps:
    - path: artifacts/[target]_one_hot_encoder.joblib
      hash: md5
      md5: 9c68e41a114fdb0985121e8d89f055bc
      size: 617
    - path: data/processed/test_processed.csv
      hash: md5
      md5: b5f007deeb8188e7898553f8d80414b0
      size: 67880
    - path: models/model.keras
      hash: md5
      md5: 076b9c93d13fbb15276d91334cfb309b
      size: 79419
    - path: src/model_evaluation/evaluate_model.py
      hash: md5
      md5: faec9e308d30c292a700067445172fe9
      size: 4827
    outs:
    - path: metrics/evaluation.json
      hash: md5
      md5: 3764a3b99c4ab30e191c0ae607a7bf36
      size: 760
