schema: '2.0'
stages:
  load_data:
    cmd: python -m src.data_loading.load_data
    deps:
    - path: src/data_loading/load_data.py
      hash: md5
      md5: 95dda62d8bfedcd6509ddaacdb35e44a
      size: 2547
    outs:
    - path: data/raw/raw.csv
      hash: md5
      md5: 0716a4af82cb9f127b04fdff5223565a
      size: 116187
  preprocess_data:
    cmd: python -m src.data_preprocessing.preprocess_data
    deps:
    - path: data/raw/raw.csv
      hash: md5
      md5: 0716a4af82cb9f127b04fdff5223565a
      size: 116187
    - path: src/data_preprocessing/preprocess_data.py
      hash: md5
      md5: 22486bed0e98733a88362beba790d1f7
      size: 5472
    params:
      params.yaml:
        preprocess_data.random_seed: 42
        preprocess_data.test_size: 0.2
    outs:
    - path: artifacts/[features]_mean_imputer.joblib
      hash: md5
      md5: be083ac485011c4d151fc20e16f0cb0b
      size: 1511
    - path: data/preprocessed/test_preprocessed.csv
      hash: md5
      md5: e55523c0297c624bbb91ca99640adc3f
      size: 26669
    - path: data/preprocessed/train_preprocessed.csv
      hash: md5
      md5: a7d57de5603e31c8805b255c1cda04e2
      size: 105531
  engineer_features:
    cmd: python -m src.feature_engineering.engineer_features
    deps:
    - path: data/preprocessed/test_preprocessed.csv
      hash: md5
      md5: e55523c0297c624bbb91ca99640adc3f
      size: 26669
    - path: data/preprocessed/train_preprocessed.csv
      hash: md5
      md5: a7d57de5603e31c8805b255c1cda04e2
      size: 105531
    - path: src/feature_engineering/engineer_features.py
      hash: md5
      md5: 42a1267c95815768af3ab9b498b4ecc6
      size: 4668
    outs:
    - path: artifacts/[features]_scaler.joblib
      hash: md5
      md5: 6d8fb5f3387aec9e0583881ad90dafeb
      size: 2135
    - path: data/processed/test_processed.csv
      hash: md5
      md5: 6bfac2da9791d998b5fe814d1415451f
      size: 68011
    - path: data/processed/train_processed.csv
      hash: md5
      md5: 47c6592ed0f996e8374d4f9ae700df9e
      size: 268572
  train:
    cmd: python -m src.model_training.train_model
    deps:
    - path: data/processed/train_processed.csv
      hash: md5
      md5: 47c6592ed0f996e8374d4f9ae700df9e
      size: 268572
    - path: src/model_training/train_model.py
      hash: md5
      md5: c2f455a8ad749a2c08a712a62cdbb0eb
      size: 7118
    params:
      params.yaml:
        train.batch_size: 32
        train.dropout_rate: 0.3
        train.epochs: 100
        train.hidden_layer_1_neurons: 64
        train.hidden_layer_2_neurons: 32
        train.learning_rate: 0.001
    outs:
    - path: artifacts/[target]_one_hot_encoder.joblib
      hash: md5
      md5: 9c68e41a114fdb0985121e8d89f055bc
      size: 617
    - path: metrics/training.json
      hash: md5
      md5: 799f1ae8516b5564e99e3ad750b877ad
      size: 141
    - path: models/model.keras
      hash: md5
      md5: f61dd6f72443331dd6fe755e5c597d3e
      size: 79417
  evaluate:
    cmd: python -m src.model_evaluation.evaluate_model
    deps:
    - path: artifacts/[target]_one_hot_encoder.joblib
      hash: md5
      md5: 9c68e41a114fdb0985121e8d89f055bc
      size: 617
    - path: data/processed/test_processed.csv
      hash: md5
      md5: 6bfac2da9791d998b5fe814d1415451f
      size: 68011
    - path: models/model.keras
      hash: md5
      md5: f61dd6f72443331dd6fe755e5c597d3e
      size: 79417
    - path: src/model_evaluation/evaluate_model.py
      hash: md5
      md5: 7efd96f9e7a71f13e0c3a5822c5600b9
      size: 4043
    outs:
    - path: metrics/evaluation.json
      hash: md5
      md5: 6fa21a2d5e7213493477d1d8ee033679
      size: 781
